
Microsoft Visual Studio Solution File, Format Version 12.00
# Visual Studio Version 17
VisualStudioVersion = 17.2.32630.192
MinimumVisualStudioVersion = 10.0.40219.1
Project("{FAE04EC0-301F-11D3-BF4B-00C04F79EFBC}") = "Proje.web", "Proje.web\Proje.web.csproj", "{5DE2A28B-E71B-4A5C-94D3-4D1C1A40428E}"
EndProject
Project("{FAE04EC0-301F-11D3-BF4B-00C04F79EFBC}") = "Proje.Data", "Proje.Data\Proje.Data.csproj", "{40C17AD6-F589-4E72-BDD2-8E41B9038D3E}"
EndProject
Project("{FAE04EC0-301F-11D3-BF4B-00C04F79EFBC}") = "Proje.Domain", "Proje.Domain\Proje.Domain.csproj", "{88C6F8DA-702F-45C7-AF76-F2A7522261A4}"
EndProject
Project("{FAE04EC0-301F-11D3-BF4B-00C04F79EFBC}") = "Proje.Application", "Proje.Application\Proje.Application.csproj", "{D958AF0A-BDAF-4B5E-8501-DE9E4D59255D}"
EndProject
Global
	GlobalSection(SolutionConfigurationPlatforms) = preSolution
		Debug|Any CPU = Debug|Any CPU
		Release|Any CPU = Release|Any CPU
	EndGlobalSection
	GlobalSection(ProjectConfigurationPlatforms) = postSolution
		{5DE2A28B-E71B-4A5C-94D3-4D1C1A40428E}.Debug|Any CPU.ActiveCfg = Debug|Any CPU
		{5DE2A28B-E71B-4A5C-94D3-4D1C1A40428E}.Debug|Any CPU.Build.0 = Debug|Any CPU
		{5DE2A28B-E71B-4A5C-94D3-4D1C1A40428E}.Release|Any CPU.ActiveCfg = Release|Any CPU
		{5DE2A28B-E71B-4A5C-94D3-4D1C1A40428E}.Release|Any CPU.Build.0 = Release|Any CPU
		{40C17AD6-F589-4E72-BDD2-8E41B9038D3E}.Debug|Any CPU.ActiveCfg = Debug|Any CPU
		{40C17AD6-F589-4E72-BDD2-8E41B9038D3E}.Debug|Any CPU.Build.0 = Debug|Any CPU
		{40C17AD6-F589-4E72-BDD2-8E41B9038D3E}.Release|Any CPU.ActiveCfg = Release|Any CPU
		{40C17AD6-F589-4E72-BDD2-8E41B9038D3E}.Release|Any CPU.Build.0 = Release|Any CPU
		{88C6F8DA-702F-45C7-AF76-F2A7522261A4}.Debug|Any CPU.ActiveCfg = Debug|Any CPU
		{88C6F8DA-702F-45C7-AF76-F2A7522261A4}.Debug|Any CPU.Build.0 = Debug|Any CPU
		{88C6F8DA-702F-45C7-AF76-F2A7522261A4}.Release|Any CPU.ActiveCfg = Release|Any CPU
		{88C6F8DA-702F-45C7-AF76-F2A7522261A4}.Release|Any CPU.Build.0 = Release|Any CPU
		{D958AF0A-BDAF-4B5E-8501-DE9E4D59255D}.Debug|Any CPU.ActiveCfg = Debug|Any CPU
		{D958AF0A-BDAF-4B5E-8501-DE9E4D59255D}.Debug|Any CPU.Build.0 = Debug|Any CPU
		{D958AF0A-BDAF-4B5E-8501-DE9E4D59255D}.Release|Any CPU.ActiveCfg = Release|Any CPU
		{D958AF0A-BDAF-4B5E-8501-DE9E4D59255D}.Release|Any CPU.Build.0 = Release|Any CPU
	EndGlobalSection
	GlobalSection(SolutionProperties) = preSolution
		HideSolutionNode = FALSE
	EndGlobalSection
	GlobalSection(ExtensibilityGlobals) = postSolution
		SolutionGuid = {A708EE77-D93A-4E3D-9548-8FC3A67D29BD}
	EndGlobalSection
EndGlobal
